// !$*UTF8*$!
{
	archiveVersion = 1;
	classes = {
	};
	objectVersion = 46;
	objects = {

/* Begin PBXBuildFile section */
		5F5832001A8FA2F7004E2608 /* Note.swift in Sources */ = {isa = PBXBuildFile; fileRef = 5F5831FF1A8FA2F7004E2608 /* Note.swift */; };
		5F5832021A8FA301004E2608 /* Chord.swift in Sources */ = {isa = PBXBuildFile; fileRef = 5F5832011A8FA301004E2608 /* Chord.swift */; };
		5F5832041A8FA309004E2608 /* FourPartChord.swift in Sources */ = {isa = PBXBuildFile; fileRef = 5F5832031A8FA309004E2608 /* FourPartChord.swift */; };
		5F5832061A8FA31D004E2608 /* ChordEnumerator.swift in Sources */ = {isa = PBXBuildFile; fileRef = 5F5832051A8FA31D004E2608 /* ChordEnumerator.swift */; };
		5F5832081A8FA329004E2608 /* HarmonySolver.swift in Sources */ = {isa = PBXBuildFile; fileRef = 5F5832071A8FA329004E2608 /* HarmonySolver.swift */; };
		5F58320A1A8FA3B7004E2608 /* Util.swift in Sources */ = {isa = PBXBuildFile; fileRef = 5F5832091A8FA3B7004E2608 /* Util.swift */; };
		5F58320C1A8FAA2D004E2608 /* LilyPondTemplate.ly in Resources */ = {isa = PBXBuildFile; fileRef = 5F58320B1A8FAA2D004E2608 /* LilyPondTemplate.ly */; };
		5F7EC3971A901A08006CDBF2 /* LilyPondSerializer.swift in Sources */ = {isa = PBXBuildFile; fileRef = 5F7EC3961A901A08006CDBF2 /* LilyPondSerializer.swift */; };
		5F7EC39A1A901A84006CDBF2 /* Key.swift in Sources */ = {isa = PBXBuildFile; fileRef = 5F7EC3991A901A84006CDBF2 /* Key.swift */; };
		5F7EC39C1A926FB2006CDBF2 /* ChordProgression.swift in Sources */ = {isa = PBXBuildFile; fileRef = 5F7EC39B1A926FB2006CDBF2 /* ChordProgression.swift */; };
		5F7EC39E1A9315CA006CDBF2 /* PermutationGenerator.swift in Sources */ = {isa = PBXBuildFile; fileRef = 5F7EC39D1A9315CA006CDBF2 /* PermutationGenerator.swift */; };
		5FDA68591A89BC760053891B /* AppDelegate.swift in Sources */ = {isa = PBXBuildFile; fileRef = 5FDA68581A89BC760053891B /* AppDelegate.swift */; };
		5FDA685B1A89BC760053891B /* ViewController.swift in Sources */ = {isa = PBXBuildFile; fileRef = 5FDA685A1A89BC760053891B /* ViewController.swift */; };
		5FDA685E1A89BC760053891B /* Main.storyboard in Resources */ = {isa = PBXBuildFile; fileRef = 5FDA685C1A89BC760053891B /* Main.storyboard */; };
		5FDA68601A89BC760053891B /* Images.xcassets in Resources */ = {isa = PBXBuildFile; fileRef = 5FDA685F1A89BC760053891B /* Images.xcassets */; };
		5FDA68631A89BC760053891B /* LaunchScreen.xib in Resources */ = {isa = PBXBuildFile; fileRef = 5FDA68611A89BC760053891B /* LaunchScreen.xib */; };
		5FDA686F1A89BC770053891B /* HarmonySolverTests.swift in Sources */ = {isa = PBXBuildFile; fileRef = 5FDA686E1A89BC770053891B /* HarmonySolverTests.swift */; };
/* End PBXBuildFile section */

/* Begin PBXContainerItemProxy section */
		5FDA68691A89BC770053891B /* PBXContainerItemProxy */ = {
			isa = PBXContainerItemProxy;
			containerPortal = 5FDA684B1A89BC760053891B /* Project object */;
			proxyType = 1;
			remoteGlobalIDString = 5FDA68521A89BC760053891B;
			remoteInfo = HarmonySolver;
		};
/* End PBXContainerItemProxy section */

/* Begin PBXFileReference section */
		5F5831FF1A8FA2F7004E2608 /* Note.swift */ = {isa = PBXFileReference; fileEncoding = 4; lastKnownFileType = sourcecode.swift; path = Note.swift; sourceTree = "<group>"; };
		5F5832011A8FA301004E2608 /* Chord.swift */ = {isa = PBXFileReference; fileEncoding = 4; lastKnownFileType = sourcecode.swift; path = Chord.swift; sourceTree = "<group>"; };
		5F5832031A8FA309004E2608 /* FourPartChord.swift */ = {isa = PBXFileReference; fileEncoding = 4; lastKnownFileType = sourcecode.swift; path = FourPartChord.swift; sourceTree = "<group>"; };
		5F5832051A8FA31D004E2608 /* ChordEnumerator.swift */ = {isa = PBXFileReference; fileEncoding = 4; lastKnownFileType = sourcecode.swift; path = ChordEnumerator.swift; sourceTree = "<group>"; };
		5F5832071A8FA329004E2608 /* HarmonySolver.swift */ = {isa = PBXFileReference; fileEncoding = 4; lastKnownFileType = sourcecode.swift; path = HarmonySolver.swift; sourceTree = "<group>"; };
		5F5832091A8FA3B7004E2608 /* Util.swift */ = {isa = PBXFileReference; fileEncoding = 4; lastKnownFileType = sourcecode.swift; path = Util.swift; sourceTree = "<group>"; };
		5F58320B1A8FAA2D004E2608 /* LilyPondTemplate.ly */ = {isa = PBXFileReference; fileEncoding = 4; lastKnownFileType = text; path = LilyPondTemplate.ly; sourceTree = "<group>"; };
		5F7403751A89DDC600A839D3 /* Playground.playground */ = {isa = PBXFileReference; lastKnownFileType = file.playground; name = Playground.playground; path = Models/Playground.playground; sourceTree = "<group>"; };
		5F7EC3961A901A08006CDBF2 /* LilyPondSerializer.swift */ = {isa = PBXFileReference; fileEncoding = 4; lastKnownFileType = sourcecode.swift; path = LilyPondSerializer.swift; sourceTree = "<group>"; };
		5F7EC3991A901A84006CDBF2 /* Key.swift */ = {isa = PBXFileReference; fileEncoding = 4; lastKnownFileType = sourcecode.swift; path = Key.swift; sourceTree = "<group>"; };
		5F7EC39B1A926FB2006CDBF2 /* ChordProgression.swift */ = {isa = PBXFileReference; fileEncoding = 4; lastKnownFileType = sourcecode.swift; path = ChordProgression.swift; sourceTree = "<group>"; };
		5F7EC39D1A9315CA006CDBF2 /* PermutationGenerator.swift */ = {isa = PBXFileReference; fileEncoding = 4; lastKnownFileType = sourcecode.swift; path = PermutationGenerator.swift; sourceTree = "<group>"; };
		5FDA68531A89BC760053891B /* HarmonySolver.app */ = {isa = PBXFileReference; explicitFileType = wrapper.application; includeInIndex = 0; path = HarmonySolver.app; sourceTree = BUILT_PRODUCTS_DIR; };
		5FDA68571A89BC760053891B /* Info.plist */ = {isa = PBXFileReference; lastKnownFileType = text.plist.xml; path = Info.plist; sourceTree = "<group>"; };
		5FDA68581A89BC760053891B /* AppDelegate.swift */ = {isa = PBXFileReference; lastKnownFileType = sourcecode.swift; path = AppDelegate.swift; sourceTree = "<group>"; };
		5FDA685A1A89BC760053891B /* ViewController.swift */ = {isa = PBXFileReference; lastKnownFileType = sourcecode.swift; path = ViewController.swift; sourceTree = "<group>"; };
		5FDA685D1A89BC760053891B /* Base */ = {isa = PBXFileReference; lastKnownFileType = file.storyboard; name = Base; path = Base.lproj/Main.storyboard; sourceTree = "<group>"; };
		5FDA685F1A89BC760053891B /* Images.xcassets */ = {isa = PBXFileReference; lastKnownFileType = folder.assetcatalog; path = Images.xcassets; sourceTree = "<group>"; };
		5FDA68621A89BC760053891B /* Base */ = {isa = PBXFileReference; lastKnownFileType = file.xib; name = Base; path = Base.lproj/LaunchScreen.xib; sourceTree = "<group>"; };
		5FDA68681A89BC770053891B /* HarmonySolverTests.xctest */ = {isa = PBXFileReference; explicitFileType = wrapper.cfbundle; includeInIndex = 0; path = HarmonySolverTests.xctest; sourceTree = BUILT_PRODUCTS_DIR; };
		5FDA686D1A89BC770053891B /* Info.plist */ = {isa = PBXFileReference; lastKnownFileType = text.plist.xml; path = Info.plist; sourceTree = "<group>"; };
		5FDA686E1A89BC770053891B /* HarmonySolverTests.swift */ = {isa = PBXFileReference; lastKnownFileType = sourcecode.swift; path = HarmonySolverTests.swift; sourceTree = "<group>"; };
/* End PBXFileReference section */

/* Begin PBXFrameworksBuildPhase section */
		5FDA68501A89BC760053891B /* Frameworks */ = {
			isa = PBXFrameworksBuildPhase;
			buildActionMask = 2147483647;
			files = (
			);
			runOnlyForDeploymentPostprocessing = 0;
		};
		5FDA68651A89BC770053891B /* Frameworks */ = {
			isa = PBXFrameworksBuildPhase;
			buildActionMask = 2147483647;
			files = (
			);
			runOnlyForDeploymentPostprocessing = 0;
		};
/* End PBXFrameworksBuildPhase section */

/* Begin PBXGroup section */
		5F7EC3981A901A0E006CDBF2 /* LilyPond Serializer */ = {
			isa = PBXGroup;
			children = (
				5F7EC3961A901A08006CDBF2 /* LilyPondSerializer.swift */,
				5F58320B1A8FAA2D004E2608 /* LilyPondTemplate.ly */,
			);
			name = "LilyPond Serializer";
			sourceTree = "<group>";
		};
		5FDA684A1A89BC760053891B = {
			isa = PBXGroup;
			children = (
				5FDA68551A89BC760053891B /* HarmonySolver */,
				5FDA686B1A89BC770053891B /* HarmonySolverTests */,
				5FDA68541A89BC760053891B /* Products */,
			);
			sourceTree = "<group>";
		};
		5FDA68541A89BC760053891B /* Products */ = {
			isa = PBXGroup;
			children = (
				5FDA68531A89BC760053891B /* HarmonySolver.app */,
				5FDA68681A89BC770053891B /* HarmonySolverTests.xctest */,
			);
			name = Products;
			sourceTree = "<group>";
		};
		5FDA68551A89BC760053891B /* HarmonySolver */ = {
			isa = PBXGroup;
			children = (
				5FDA68581A89BC760053891B /* AppDelegate.swift */,
				5FDA685A1A89BC760053891B /* ViewController.swift */,
				5F5831FF1A8FA2F7004E2608 /* Note.swift */,
				5F5832011A8FA301004E2608 /* Chord.swift */,
				5F7EC39B1A926FB2006CDBF2 /* ChordProgression.swift */,
				5F5832031A8FA309004E2608 /* FourPartChord.swift */,
				5F5832051A8FA31D004E2608 /* ChordEnumerator.swift */,
				5F5832071A8FA329004E2608 /* HarmonySolver.swift */,
				5F7EC3991A901A84006CDBF2 /* Key.swift */,
				5F7EC39D1A9315CA006CDBF2 /* PermutationGenerator.swift */,
				5F5832091A8FA3B7004E2608 /* Util.swift */,
				5F7EC3981A901A0E006CDBF2 /* LilyPond Serializer */,
				5FDA685C1A89BC760053891B /* Main.storyboard */,
				5FDA685F1A89BC760053891B /* Images.xcassets */,
				5FDA68611A89BC760053891B /* LaunchScreen.xib */,
				5FDA68561A89BC760053891B /* Supporting Files */,
				5F7403751A89DDC600A839D3 /* Playground.playground */,
			);
			path = HarmonySolver;
			sourceTree = "<group>";
		};
		5FDA68561A89BC760053891B /* Supporting Files */ = {
			isa = PBXGroup;
			children = (
				5FDA68571A89BC760053891B /* Info.plist */,
			);
			name = "Supporting Files";
			sourceTree = "<group>";
		};
		5FDA686B1A89BC770053891B /* HarmonySolverTests */ = {
			isa = PBXGroup;
			children = (
				5FDA686E1A89BC770053891B /* HarmonySolverTests.swift */,
				5FDA686C1A89BC770053891B /* Supporting Files */,
			);
			path = HarmonySolverTests;
			sourceTree = "<group>";
		};
		5FDA686C1A89BC770053891B /* Supporting Files */ = {
			isa = PBXGroup;
			children = (
				5FDA686D1A89BC770053891B /* Info.plist */,
			);
			name = "Supporting Files";
			sourceTree = "<group>";
		};
/* End PBXGroup section */

/* Begin PBXNativeTarget section */
		5FDA68521A89BC760053891B /* HarmonySolver */ = {
			isa = PBXNativeTarget;
			buildConfigurationList = 5FDA68721A89BC770053891B /* Build configuration list for PBXNativeTarget "HarmonySolver" */;
			buildPhases = (
				5FDA684F1A89BC760053891B /* Sources */,
				5FDA68501A89BC760053891B /* Frameworks */,
				5FDA68511A89BC760053891B /* Resources */,
			);
			buildRules = (
			);
			dependencies = (
			);
			name = HarmonySolver;
			productName = HarmonySolver;
			productReference = 5FDA68531A89BC760053891B /* HarmonySolver.app */;
			productType = "com.apple.product-type.application";
		};
		5FDA68671A89BC770053891B /* HarmonySolverTests */ = {
			isa = PBXNativeTarget;
			buildConfigurationList = 5FDA68751A89BC770053891B /* Build configuration list for PBXNativeTarget "HarmonySolverTests" */;
			buildPhases = (
				5FDA68641A89BC770053891B /* Sources */,
				5FDA68651A89BC770053891B /* Frameworks */,
				5FDA68661A89BC770053891B /* Resources */,
			);
			buildRules = (
			);
			dependencies = (
				5FDA686A1A89BC770053891B /* PBXTargetDependency */,
			);
			name = HarmonySolverTests;
			productName = HarmonySolverTests;
			productReference = 5FDA68681A89BC770053891B /* HarmonySolverTests.xctest */;
			productType = "com.apple.product-type.bundle.unit-test";
		};
/* End PBXNativeTarget section */

/* Begin PBXProject section */
		5FDA684B1A89BC760053891B /* Project object */ = {
			isa = PBXProject;
			attributes = {
				LastUpgradeCheck = 0630;
				ORGANIZATIONNAME = "Alora Studios";
				TargetAttributes = {
					5FDA68521A89BC760053891B = {
						CreatedOnToolsVersion = 6.3;
					};
					5FDA68671A89BC770053891B = {
						CreatedOnToolsVersion = 6.3;
						TestTargetID = 5FDA68521A89BC760053891B;
					};
				};
			};
			buildConfigurationList = 5FDA684E1A89BC760053891B /* Build configuration list for PBXProject "HarmonySolver" */;
			compatibilityVersion = "Xcode 3.2";
			developmentRegion = English;
			hasScannedForEncodings = 0;
			knownRegions = (
				en,
				Base,
			);
			mainGroup = 5FDA684A1A89BC760053891B;
			productRefGroup = 5FDA68541A89BC760053891B /* Products */;
			projectDirPath = "";
			projectRoot = "";
			targets = (
				5FDA68521A89BC760053891B /* HarmonySolver */,
				5FDA68671A89BC770053891B /* HarmonySolverTests */,
			);
		};
/* End PBXProject section */

/* Begin PBXResourcesBuildPhase section */
		5FDA68511A89BC760053891B /* Resources */ = {
			isa = PBXResourcesBuildPhase;
			buildActionMask = 2147483647;
			files = (
				5FDA685E1A89BC760053891B /* Main.storyboard in Resources */,
				5F58320C1A8FAA2D004E2608 /* LilyPondTemplate.ly in Resources */,
				5FDA68631A89BC760053891B /* LaunchScreen.xib in Resources */,
				5FDA68601A89BC760053891B /* Images.xcassets in Resources */,
			);
			runOnlyForDeploymentPostprocessing = 0;
		};
		5FDA68661A89BC770053891B /* Resources */ = {
			isa = PBXResourcesBuildPhase;
			buildActionMask = 2147483647;
			files = (
			);
			runOnlyForDeploymentPostprocessing = 0;
		};
/* End PBXResourcesBuildPhase section */

/* Begin PBXSourcesBuildPhase section */
		5FDA684F1A89BC760053891B /* Sources */ = {
			isa = PBXSourcesBuildPhase;
			buildActionMask = 2147483647;
			files = (
				5F5832061A8FA31D004E2608 /* ChordEnumerator.swift in Sources */,
				5F7EC39A1A901A84006CDBF2 /* Key.swift in Sources */,
				5F7EC39C1A926FB2006CDBF2 /* ChordProgression.swift in Sources */,
				5F5832021A8FA301004E2608 /* Chord.swift in Sources */,
				5F7EC39E1A9315CA006CDBF2 /* PermutationGenerator.swift in Sources */,
				5FDA685B1A89BC760053891B /* ViewController.swift in Sources */,
				5F7EC3971A901A08006CDBF2 /* LilyPondSerializer.swift in Sources */,
				5F58320A1A8FA3B7004E2608 /* Util.swift in Sources */,
				5F5832041A8FA309004E2608 /* FourPartChord.swift in Sources */,
				5FDA68591A89BC760053891B /* AppDelegate.swift in Sources */,
				5F5832001A8FA2F7004E2608 /* Note.swift in Sources */,
				5F5832081A8FA329004E2608 /* HarmonySolver.swift in Sources */,
			);
			runOnlyForDeploymentPostprocessing = 0;
		};
		5FDA68641A89BC770053891B /* Sources */ = {
			isa = PBXSourcesBuildPhase;
			buildActionMask = 2147483647;
			files = (
				5FDA686F1A89BC770053891B /* HarmonySolverTests.swift in Sources */,
			);
			runOnlyForDeploymentPostprocessing = 0;
		};
/* End PBXSourcesBuildPhase section */

/* Begin PBXTargetDependency section */
		5FDA686A1A89BC770053891B /* PBXTargetDependency */ = {
			isa = PBXTargetDependency;
			target = 5FDA68521A89BC760053891B /* HarmonySolver */;
			targetProxy = 5FDA68691A89BC770053891B /* PBXContainerItemProxy */;
		};
/* End PBXTargetDependency section */

/* Begin PBXVariantGroup section */
		5FDA685C1A89BC760053891B /* Main.storyboard */ = {
			isa = PBXVariantGroup;
			children = (
				5FDA685D1A89BC760053891B /* Base */,
			);
			name = Main.storyboard;
			sourceTree = "<group>";
		};
		5FDA68611A89BC760053891B /* LaunchScreen.xib */ = {
			isa = PBXVariantGroup;
			children = (
				5FDA68621A89BC760053891B /* Base */,
			);
			name = LaunchScreen.xib;
			sourceTree = "<group>";
		};
/* End PBXVariantGroup section */

/* Begin XCBuildConfiguration section */
		5FDA68701A89BC770053891B /* Debug */ = {
			isa = XCBuildConfiguration;
			buildSettings = {
				ALWAYS_SEARCH_USER_PATHS = NO;
				CLANG_CXX_LANGUAGE_STANDARD = "gnu++0x";
				CLANG_CXX_LIBRARY = "libc++";
				CLANG_ENABLE_MODULES = YES;
				CLANG_ENABLE_OBJC_ARC = YES;
				CLANG_WARN_BOOL_CONVERSION = YES;
				CLANG_WARN_CONSTANT_CONVERSION = YES;
				CLANG_WARN_DIRECT_OBJC_ISA_USAGE = YES_ERROR;
				CLANG_WARN_EMPTY_BODY = YES;
				CLANG_WARN_ENUM_CONVERSION = YES;
				CLANG_WARN_INT_CONVERSION = YES;
				CLANG_WARN_OBJC_ROOT_CLASS = YES_ERROR;
				CLANG_WARN_UNREACHABLE_CODE = YES;
				CLANG_WARN__DUPLICATE_METHOD_MATCH = YES;
				"CODE_SIGN_IDENTITY[sdk=iphoneos*]" = "iPhone Developer";
				COPY_PHASE_STRIP = NO;
				DEBUG_INFORMATION_FORMAT = dwarf;
				ENABLE_STRICT_OBJC_MSGSEND = YES;
				GCC_C_LANGUAGE_STANDARD = gnu99;
				GCC_DYNAMIC_NO_PIC = NO;
				GCC_OPTIMIZATION_LEVEL = 0;
				GCC_PREPROCESSOR_DEFINITIONS = (
					"DEBUG=1",
					"$(inherited)",
				);
				GCC_SYMBOLS_PRIVATE_EXTERN = NO;
				GCC_WARN_64_TO_32_BIT_CONVERSION = YES;
				GCC_WARN_ABOUT_RETURN_TYPE = YES_ERROR;
				GCC_WARN_UNDECLARED_SELECTOR = YES;
				GCC_WARN_UNINITIALIZED_AUTOS = YES_AGGRESSIVE;
				GCC_WARN_UNUSED_FUNCTION = YES;
				GCC_WARN_UNUSED_VARIABLE = YES;
				IPHONEOS_DEPLOYMENT_TARGET = 8.3;
				MTL_ENABLE_DEBUG_INFO = YES;
				ONLY_ACTIVE_ARCH = YES;
				SDKROOT = iphoneos;
				SWIFT_OPTIMIZATION_LEVEL = "-Onone";
				TARGETED_DEVICE_FAMILY = "1,2";
			};
			name = Debug;
		};
		5FDA68711A89BC770053891B /* Release */ = {
			isa = XCBuildConfiguration;
			buildSettings = {
				ALWAYS_SEARCH_USER_PATHS = NO;
				CLANG_CXX_LANGUAGE_STANDARD = "gnu++0x";
				CLANG_CXX_LIBRARY = "libc++";
				CLANG_ENABLE_MODULES = YES;
				CLANG_ENABLE_OBJC_ARC = YES;
				CLANG_WARN_BOOL_CONVERSION = YES;
				CLANG_WARN_CONSTANT_CONVERSION = YES;
				CLANG_WARN_DIRECT_OBJC_ISA_USAGE = YES_ERROR;
				CLANG_WARN_EMPTY_BODY = YES;
				CLANG_WARN_ENUM_CONVERSION = YES;
				CLANG_WARN_INT_CONVERSION = YES;
				CLANG_WARN_OBJC_ROOT_CLASS = YES_ERROR;
				CLANG_WARN_UNREACHABLE_CODE = YES;
				CLANG_WARN__DUPLICATE_METHOD_MATCH = YES;
				"CODE_SIGN_IDENTITY[sdk=iphoneos*]" = "iPhone Developer";
				COPY_PHASE_STRIP = NO;
				DEBUG_INFORMATION_FORMAT = "dwarf-with-dsym";
				ENABLE_NS_ASSERTIONS = NO;
				ENABLE_STRICT_OBJC_MSGSEND = YES;
				GCC_C_LANGUAGE_STANDARD = gnu99;
				GCC_WARN_64_TO_32_BIT_CONVERSION = YES;
				GCC_WARN_ABOUT_RETURN_TYPE = YES_ERROR;
				GCC_WARN_UNDECLARED_SELECTOR = YES;
				GCC_WARN_UNINITIALIZED_AUTOS = YES_AGGRESSIVE;
				GCC_WARN_UNUSED_FUNCTION = YES;
				GCC_WARN_UNUSED_VARIABLE = YES;
				IPHONEOS_DEPLOYMENT_TARGET = 8.3;
				MTL_ENABLE_DEBUG_INFO = NO;
				SDKROOT = iphoneos;
				TARGETED_DEVICE_FAMILY = "1,2";
				VALIDATE_PRODUCT = YES;
			};
			name = Release;
		};
		5FDA68731A89BC770053891B /* Debug */ = {
			isa = XCBuildConfiguration;
			buildSettings = {
				ASSETCATALOG_COMPILER_APPICON_NAME = AppIcon;
				INFOPLIST_FILE = HarmonySolver/Info.plist;
				LD_RUNPATH_SEARCH_PATHS = "$(inherited) @executable_path/Frameworks";
				PRODUCT_NAME = "$(TARGET_NAME)";
			};
			name = Debug;
		};
		5FDA68741A89BC770053891B /* Release */ = {
			isa = XCBuildConfiguration;
			buildSettings = {
				ASSETCATALOG_COMPILER_APPICON_NAME = AppIcon;
				INFOPLIST_FILE = HarmonySolver/Info.plist;
				LD_RUNPATH_SEARCH_PATHS = "$(inherited) @executable_path/Frameworks";
				PRODUCT_NAME = "$(TARGET_NAME)";
			};
			name = Release;
		};
		5FDA68761A89BC770053891B /* Debug */ = {
			isa = XCBuildConfiguration;
			buildSettings = {
				BUNDLE_LOADER = "$(TEST_HOST)";
				FRAMEWORK_SEARCH_PATHS = (
					"$(SDKROOT)/Developer/Library/Frameworks",
					"$(inherited)",
				);
				GCC_PREPROCESSOR_DEFINITIONS = (
					"DEBUG=1",
					"$(inherited)",
				);
				INFOPLIST_FILE = HarmonySolverTests/Info.plist;
				LD_RUNPATH_SEARCH_PATHS = "$(inherited) @executable_path/Frameworks @loader_path/Frameworks";
				PRODUCT_NAME = "$(TARGET_NAME)";
				TEST_HOST = "$(BUILT_PRODUCTS_DIR)/HarmonySolver.app/HarmonySolver";
			};
			name = Debug;
		};
		5FDA68771A89BC770053891B /* Release */ = {
			isa = XCBuildConfiguration;
			buildSettings = {
				BUNDLE_LOADER = "$(TEST_HOST)";
				FRAMEWORK_SEARCH_PATHS = (
					"$(SDKROOT)/Developer/Library/Frameworks",
					"$(inherited)",
				);
				INFOPLIST_FILE = HarmonySolverTests/Info.plist;
				LD_RUNPATH_SEARCH_PATHS = "$(inherited) @executable_path/Frameworks @loader_path/Frameworks";
				PRODUCT_NAME = "$(TARGET_NAME)";
				TEST_HOST = "$(BUILT_PRODUCTS_DIR)/HarmonySolver.app/HarmonySolver";
			};
			name = Release;
		};
/* End XCBuildConfiguration section */

/* Begin XCConfigurationList section */
		5FDA684E1A89BC760053891B /* Build configuration list for PBXProject "HarmonySolver" */ = {
			isa = XCConfigurationList;
			buildConfigurations = (
				5FDA68701A89BC770053891B /* Debug */,
				5FDA68711A89BC770053891B /* Release */,
			);
			defaultConfigurationIsVisible = 0;
			defaultConfigurationName = Release;
		};
		5FDA68721A89BC770053891B /* Build configuration list for PBXNativeTarget "HarmonySolver" */ = {
			isa = XCConfigurationList;
			buildConfigurations = (
				5FDA68731A89BC770053891B /* Debug */,
				5FDA68741A89BC770053891B /* Release */,
			);
			defaultConfigurationIsVisible = 0;
			defaultConfigurationName = Release;
		};
		5FDA68751A89BC770053891B /* Build configuration list for PBXNativeTarget "HarmonySolverTests" */ = {
			isa = XCConfigurationList;
			buildConfigurations = (
				5FDA68761A89BC770053891B /* Debug */,
				5FDA68771A89BC770053891B /* Release */,
			);
			defaultConfigurationIsVisible = 0;
			defaultConfigurationName = Release;
		};
/* End XCConfigurationList section */
	};
	rootObject = 5FDA684B1A89BC760053891B /* Project object */;
}
