// !$*UTF8*$!
{
	archiveVersion = 1;
	classes = {
	};
	objectVersion = 46;
	objects = {

/* Begin PBXBuildFile section */
		5F056ED11A9A4F000049450A /* soundfont-stripped.sf2 in Resources */ = {isa = PBXBuildFile; fileRef = 5F056ED01A9A4EB50049450A /* soundfont-stripped.sf2 */; };
		5F056ED41A9D5C090049450A /* correct-four-part.mid in Resources */ = {isa = PBXBuildFile; fileRef = 5F056ED31A9D5C090049450A /* correct-four-part.mid */; };
		5F53470C1AA27CE1000CF01F /* Chord.swift in Sources */ = {isa = PBXBuildFile; fileRef = 5F5346FC1AA27CE1000CF01F /* Chord.swift */; };
		5F53470D1AA27CE1000CF01F /* ChordEnumerator.swift in Sources */ = {isa = PBXBuildFile; fileRef = 5F5346FD1AA27CE1000CF01F /* ChordEnumerator.swift */; };
		5F53470E1AA27CE1000CF01F /* ChordProgression.swift in Sources */ = {isa = PBXBuildFile; fileRef = 5F5346FE1AA27CE1000CF01F /* ChordProgression.swift */; };
		5F53470F1AA27CE1000CF01F /* Constraints.swift in Sources */ = {isa = PBXBuildFile; fileRef = 5F5346FF1AA27CE1000CF01F /* Constraints.swift */; };
		5F5347101AA27CE1000CF01F /* FourPartChord.swift in Sources */ = {isa = PBXBuildFile; fileRef = 5F5347001AA27CE1000CF01F /* FourPartChord.swift */; };
		5F5347121AA27CE1000CF01F /* Key.swift in Sources */ = {isa = PBXBuildFile; fileRef = 5F5347021AA27CE1000CF01F /* Key.swift */; };
		5F5347131AA27CE1000CF01F /* LilyPondSerializer.swift in Sources */ = {isa = PBXBuildFile; fileRef = 5F5347031AA27CE1000CF01F /* LilyPondSerializer.swift */; };
		5F5347141AA27CE1000CF01F /* LilyPondTemplate.ly in Resources */ = {isa = PBXBuildFile; fileRef = 5F5347041AA27CE1000CF01F /* LilyPondTemplate.ly */; };
		5F5347151AA27CE1000CF01F /* Note.swift in Sources */ = {isa = PBXBuildFile; fileRef = 5F5347051AA27CE1000CF01F /* Note.swift */; };
		5F5347161AA27CE1000CF01F /* PermutationGenerator.swift in Sources */ = {isa = PBXBuildFile; fileRef = 5F5347061AA27CE1000CF01F /* PermutationGenerator.swift */; };
		5F5347171AA27CE1000CF01F /* PermutationSolver.swift in Sources */ = {isa = PBXBuildFile; fileRef = 5F5347071AA27CE1000CF01F /* PermutationSolver.swift */; };
		5F5347181AA27CE1000CF01F /* RecursiveSolver.swift in Sources */ = {isa = PBXBuildFile; fileRef = 5F5347081AA27CE1000CF01F /* RecursiveSolver.swift */; };
		5F53471A1AA27CE1000CF01F /* SolverStrategy.swift in Sources */ = {isa = PBXBuildFile; fileRef = 5F53470A1AA27CE1000CF01F /* SolverStrategy.swift */; };
		5F53471B1AA27CE1000CF01F /* Util.swift in Sources */ = {isa = PBXBuildFile; fileRef = 5F53470B1AA27CE1000CF01F /* Util.swift */; };
		5F53471F1AA28194000CF01F /* StaffView.m in Sources */ = {isa = PBXBuildFile; fileRef = 5F53471E1AA28194000CF01F /* StaffView.m */; };
		5FB7C58F1A99A7B4003C24B3 /* MIKMIDI.framework in Copy Files (1 item) */ = {isa = PBXBuildFile; fileRef = 5FB7C58B1A99A74F003C24B3 /* MIKMIDI.framework */; settings = {ATTRIBUTES = (CodeSignOnCopy, RemoveHeadersOnCopy, ); }; };
		5FB7C59A1A9A3A63003C24B3 /* Solver.h in Headers */ = {isa = PBXBuildFile; fileRef = 5FB7C5991A9A3A63003C24B3 /* Solver.h */; settings = {ATTRIBUTES = (Public, ); }; };
		5FB7C5A01A9A3A63003C24B3 /* Solver.framework in Frameworks */ = {isa = PBXBuildFile; fileRef = 5FB7C5951A9A3A63003C24B3 /* Solver.framework */; };
		5FB7C5A91A9A3A63003C24B3 /* SolverTests.swift in Sources */ = {isa = PBXBuildFile; fileRef = 5FB7C5A81A9A3A63003C24B3 /* SolverTests.swift */; };
		5FB7C5AC1A9A3A63003C24B3 /* Solver.framework in Frameworks */ = {isa = PBXBuildFile; fileRef = 5FB7C5951A9A3A63003C24B3 /* Solver.framework */; };
		5FB7C5AD1A9A3A63003C24B3 /* Solver.framework in Copy Files (1 item) */ = {isa = PBXBuildFile; fileRef = 5FB7C5951A9A3A63003C24B3 /* Solver.framework */; settings = {ATTRIBUTES = (CodeSignOnCopy, RemoveHeadersOnCopy, ); }; };
		5FC9FE151A999766004094B0 /* test.midi in Resources */ = {isa = PBXBuildFile; fileRef = 5FC9FE141A999766004094B0 /* test.midi */; };
		5FDA68591A89BC760053891B /* AppDelegate.swift in Sources */ = {isa = PBXBuildFile; fileRef = 5FDA68581A89BC760053891B /* AppDelegate.swift */; };
		5FDA685B1A89BC760053891B /* ViewController.swift in Sources */ = {isa = PBXBuildFile; fileRef = 5FDA685A1A89BC760053891B /* ViewController.swift */; };
		5FDA685E1A89BC760053891B /* Main.storyboard in Resources */ = {isa = PBXBuildFile; fileRef = 5FDA685C1A89BC760053891B /* Main.storyboard */; };
		5FDA68601A89BC760053891B /* Images.xcassets in Resources */ = {isa = PBXBuildFile; fileRef = 5FDA685F1A89BC760053891B /* Images.xcassets */; };
		5FDA68631A89BC760053891B /* LaunchScreen.xib in Resources */ = {isa = PBXBuildFile; fileRef = 5FDA68611A89BC760053891B /* LaunchScreen.xib */; };
		5FDA686F1A89BC770053891B /* HarmonySolverTests.swift in Sources */ = {isa = PBXBuildFile; fileRef = 5FDA686E1A89BC770053891B /* HarmonySolverTests.swift */; };
/* End PBXBuildFile section */

/* Begin PBXContainerItemProxy section */
		5FB7C5881A99A74F003C24B3 /* PBXContainerItemProxy */ = {
			isa = PBXContainerItemProxy;
			containerPortal = 5FB7C5831A99A74F003C24B3 /* MIKMIDI.xcodeproj */;
			proxyType = 2;
			remoteGlobalIDString = 9D74EEA517A7129300BEE89F;
			remoteInfo = MIKMIDI;
		};
		5FB7C58A1A99A74F003C24B3 /* PBXContainerItemProxy */ = {
			isa = PBXContainerItemProxy;
			containerPortal = 5FB7C5831A99A74F003C24B3 /* MIKMIDI.xcodeproj */;
			proxyType = 2;
			remoteGlobalIDString = 9DAF8B061A7AFF1100F46528;
			remoteInfo = "MIKMIDI-iOS";
		};
		5FB7C58C1A99A792003C24B3 /* PBXContainerItemProxy */ = {
			isa = PBXContainerItemProxy;
			containerPortal = 5FB7C5831A99A74F003C24B3 /* MIKMIDI.xcodeproj */;
			proxyType = 1;
			remoteGlobalIDString = 9DAF8B051A7AFF1100F46528;
			remoteInfo = "MIKMIDI-iOS";
		};
		5FB7C5A11A9A3A63003C24B3 /* PBXContainerItemProxy */ = {
			isa = PBXContainerItemProxy;
			containerPortal = 5FDA684B1A89BC760053891B /* Project object */;
			proxyType = 1;
			remoteGlobalIDString = 5FB7C5941A9A3A63003C24B3;
			remoteInfo = Solver;
		};
		5FB7C5A31A9A3A63003C24B3 /* PBXContainerItemProxy */ = {
			isa = PBXContainerItemProxy;
			containerPortal = 5FDA684B1A89BC760053891B /* Project object */;
			proxyType = 1;
			remoteGlobalIDString = 5FDA68521A89BC760053891B;
			remoteInfo = HarmonySolver;
		};
		5FB7C5AA1A9A3A63003C24B3 /* PBXContainerItemProxy */ = {
			isa = PBXContainerItemProxy;
			containerPortal = 5FDA684B1A89BC760053891B /* Project object */;
			proxyType = 1;
			remoteGlobalIDString = 5FB7C5941A9A3A63003C24B3;
			remoteInfo = Solver;
		};
		5FDA68691A89BC770053891B /* PBXContainerItemProxy */ = {
			isa = PBXContainerItemProxy;
			containerPortal = 5FDA684B1A89BC760053891B /* Project object */;
			proxyType = 1;
			remoteGlobalIDString = 5FDA68521A89BC760053891B;
			remoteInfo = HarmonySolver;
		};
/* End PBXContainerItemProxy section */

/* Begin PBXCopyFilesBuildPhase section */
		5FB7C58E1A99A79D003C24B3 /* Copy Files (1 item) */ = {
			isa = PBXCopyFilesBuildPhase;
			buildActionMask = 2147483647;
			dstPath = "";
			dstSubfolderSpec = 10;
			files = (
				5FB7C58F1A99A7B4003C24B3 /* MIKMIDI.framework in Copy Files (1 item) */,
				5FB7C5AD1A9A3A63003C24B3 /* Solver.framework in Copy Files (1 item) */,
			);
			name = "Copy Files (1 item)";
			runOnlyForDeploymentPostprocessing = 0;
		};
/* End PBXCopyFilesBuildPhase section */

/* Begin PBXFileReference section */
		5F056ED01A9A4EB50049450A /* soundfont-stripped.sf2 */ = {isa = PBXFileReference; lastKnownFileType = file; path = "soundfont-stripped.sf2"; sourceTree = "<group>"; };
		5F056ED31A9D5C090049450A /* correct-four-part.mid */ = {isa = PBXFileReference; lastKnownFileType = audio.midi; path = "correct-four-part.mid"; sourceTree = "<group>"; };
		5F5346FC1AA27CE1000CF01F /* Chord.swift */ = {isa = PBXFileReference; fileEncoding = 4; lastKnownFileType = sourcecode.swift; path = Chord.swift; sourceTree = "<group>"; };
		5F5346FD1AA27CE1000CF01F /* ChordEnumerator.swift */ = {isa = PBXFileReference; fileEncoding = 4; lastKnownFileType = sourcecode.swift; path = ChordEnumerator.swift; sourceTree = "<group>"; };
		5F5346FE1AA27CE1000CF01F /* ChordProgression.swift */ = {isa = PBXFileReference; fileEncoding = 4; lastKnownFileType = sourcecode.swift; path = ChordProgression.swift; sourceTree = "<group>"; };
		5F5346FF1AA27CE1000CF01F /* Constraints.swift */ = {isa = PBXFileReference; fileEncoding = 4; lastKnownFileType = sourcecode.swift; path = Constraints.swift; sourceTree = "<group>"; };
		5F5347001AA27CE1000CF01F /* FourPartChord.swift */ = {isa = PBXFileReference; fileEncoding = 4; lastKnownFileType = sourcecode.swift; path = FourPartChord.swift; sourceTree = "<group>"; };
		5F5347011AA27CE1000CF01F /* Info.plist */ = {isa = PBXFileReference; fileEncoding = 4; lastKnownFileType = text.plist.xml; path = Info.plist; sourceTree = "<group>"; };
		5F5347021AA27CE1000CF01F /* Key.swift */ = {isa = PBXFileReference; fileEncoding = 4; lastKnownFileType = sourcecode.swift; path = Key.swift; sourceTree = "<group>"; };
		5F5347031AA27CE1000CF01F /* LilyPondSerializer.swift */ = {isa = PBXFileReference; fileEncoding = 4; lastKnownFileType = sourcecode.swift; name = LilyPondSerializer.swift; path = ../Solver/LilyPondSerializer.swift; sourceTree = "<group>"; };
		5F5347041AA27CE1000CF01F /* LilyPondTemplate.ly */ = {isa = PBXFileReference; fileEncoding = 4; lastKnownFileType = text; name = LilyPondTemplate.ly; path = ../Solver/LilyPondTemplate.ly; sourceTree = "<group>"; };
		5F5347051AA27CE1000CF01F /* Note.swift */ = {isa = PBXFileReference; fileEncoding = 4; lastKnownFileType = sourcecode.swift; path = Note.swift; sourceTree = "<group>"; };
		5F5347061AA27CE1000CF01F /* PermutationGenerator.swift */ = {isa = PBXFileReference; fileEncoding = 4; lastKnownFileType = sourcecode.swift; path = PermutationGenerator.swift; sourceTree = "<group>"; };
		5F5347071AA27CE1000CF01F /* PermutationSolver.swift */ = {isa = PBXFileReference; fileEncoding = 4; lastKnownFileType = sourcecode.swift; path = PermutationSolver.swift; sourceTree = "<group>"; };
		5F5347081AA27CE1000CF01F /* RecursiveSolver.swift */ = {isa = PBXFileReference; fileEncoding = 4; lastKnownFileType = sourcecode.swift; path = RecursiveSolver.swift; sourceTree = "<group>"; };
		5F5347091AA27CE1000CF01F /* Solver.h */ = {isa = PBXFileReference; fileEncoding = 4; lastKnownFileType = sourcecode.c.h; path = Solver.h; sourceTree = "<group>"; };
		5F53470A1AA27CE1000CF01F /* SolverStrategy.swift */ = {isa = PBXFileReference; fileEncoding = 4; lastKnownFileType = sourcecode.swift; path = SolverStrategy.swift; sourceTree = "<group>"; };
		5F53470B1AA27CE1000CF01F /* Util.swift */ = {isa = PBXFileReference; fileEncoding = 4; lastKnownFileType = sourcecode.swift; path = Util.swift; sourceTree = "<group>"; };
		5F53471C1AA28194000CF01F /* HarmonySolver-Bridging-Header.h */ = {isa = PBXFileReference; lastKnownFileType = sourcecode.c.h; path = "HarmonySolver-Bridging-Header.h"; sourceTree = "<group>"; };
		5F53471D1AA28194000CF01F /* StaffView.h */ = {isa = PBXFileReference; fileEncoding = 4; lastKnownFileType = sourcecode.c.h; path = StaffView.h; sourceTree = "<group>"; };
		5F53471E1AA28194000CF01F /* StaffView.m */ = {isa = PBXFileReference; fileEncoding = 4; lastKnownFileType = sourcecode.c.objc; path = StaffView.m; sourceTree = "<group>"; };
		5FB7C5831A99A74F003C24B3 /* MIKMIDI.xcodeproj */ = {isa = PBXFileReference; lastKnownFileType = "wrapper.pb-project"; name = MIKMIDI.xcodeproj; path = MIKMIDI/Framework/MIKMIDI.xcodeproj; sourceTree = "<group>"; };
		5FB7C5951A9A3A63003C24B3 /* Solver.framework */ = {isa = PBXFileReference; explicitFileType = wrapper.framework; includeInIndex = 0; path = Solver.framework; sourceTree = BUILT_PRODUCTS_DIR; };
		5FB7C5991A9A3A63003C24B3 /* Solver.h */ = {isa = PBXFileReference; lastKnownFileType = sourcecode.c.h; path = Solver.h; sourceTree = "<group>"; };
		5FB7C59F1A9A3A63003C24B3 /* SolverTests.xctest */ = {isa = PBXFileReference; explicitFileType = wrapper.cfbundle; includeInIndex = 0; path = SolverTests.xctest; sourceTree = BUILT_PRODUCTS_DIR; };
		5FB7C5A71A9A3A63003C24B3 /* Info.plist */ = {isa = PBXFileReference; lastKnownFileType = text.plist.xml; path = Info.plist; sourceTree = "<group>"; };
		5FB7C5A81A9A3A63003C24B3 /* SolverTests.swift */ = {isa = PBXFileReference; lastKnownFileType = sourcecode.swift; path = SolverTests.swift; sourceTree = "<group>"; };
		5FC9FE141A999766004094B0 /* test.midi */ = {isa = PBXFileReference; lastKnownFileType = audio.midi; path = test.midi; sourceTree = "<group>"; };
		5FDA68531A89BC760053891B /* HarmonySolver.app */ = {isa = PBXFileReference; explicitFileType = wrapper.application; includeInIndex = 0; path = HarmonySolver.app; sourceTree = BUILT_PRODUCTS_DIR; };
		5FDA68571A89BC760053891B /* Info.plist */ = {isa = PBXFileReference; lastKnownFileType = text.plist.xml; path = Info.plist; sourceTree = "<group>"; };
		5FDA68581A89BC760053891B /* AppDelegate.swift */ = {isa = PBXFileReference; lastKnownFileType = sourcecode.swift; path = AppDelegate.swift; sourceTree = "<group>"; };
		5FDA685A1A89BC760053891B /* ViewController.swift */ = {isa = PBXFileReference; lastKnownFileType = sourcecode.swift; path = ViewController.swift; sourceTree = "<group>"; };
		5FDA685D1A89BC760053891B /* Base */ = {isa = PBXFileReference; lastKnownFileType = file.storyboard; name = Base; path = Base.lproj/Main.storyboard; sourceTree = "<group>"; };
		5FDA685F1A89BC760053891B /* Images.xcassets */ = {isa = PBXFileReference; lastKnownFileType = folder.assetcatalog; path = Images.xcassets; sourceTree = "<group>"; };
		5FDA68621A89BC760053891B /* Base */ = {isa = PBXFileReference; lastKnownFileType = file.xib; name = Base; path = Base.lproj/LaunchScreen.xib; sourceTree = "<group>"; };
		5FDA68681A89BC770053891B /* HarmonySolverTests.xctest */ = {isa = PBXFileReference; explicitFileType = wrapper.cfbundle; includeInIndex = 0; path = HarmonySolverTests.xctest; sourceTree = BUILT_PRODUCTS_DIR; };
		5FDA686D1A89BC770053891B /* Info.plist */ = {isa = PBXFileReference; lastKnownFileType = text.plist.xml; path = Info.plist; sourceTree = "<group>"; };
		5FDA686E1A89BC770053891B /* HarmonySolverTests.swift */ = {isa = PBXFileReference; lastKnownFileType = sourcecode.swift; path = HarmonySolverTests.swift; sourceTree = "<group>"; };
/* End PBXFileReference section */

/* Begin PBXFrameworksBuildPhase section */
		5FB7C5911A9A3A63003C24B3 /* Frameworks */ = {
			isa = PBXFrameworksBuildPhase;
			buildActionMask = 2147483647;
			files = (
			);
			runOnlyForDeploymentPostprocessing = 0;
		};
		5FB7C59C1A9A3A63003C24B3 /* Frameworks */ = {
			isa = PBXFrameworksBuildPhase;
			buildActionMask = 2147483647;
			files = (
				5FB7C5A01A9A3A63003C24B3 /* Solver.framework in Frameworks */,
			);
			runOnlyForDeploymentPostprocessing = 0;
		};
		5FDA68501A89BC760053891B /* Frameworks */ = {
			isa = PBXFrameworksBuildPhase;
			buildActionMask = 2147483647;
			files = (
				5FB7C5AC1A9A3A63003C24B3 /* Solver.framework in Frameworks */,
			);
			runOnlyForDeploymentPostprocessing = 0;
		};
		5FDA68651A89BC770053891B /* Frameworks */ = {
			isa = PBXFrameworksBuildPhase;
			buildActionMask = 2147483647;
			files = (
			);
			runOnlyForDeploymentPostprocessing = 0;
		};
/* End PBXFrameworksBuildPhase section */

/* Begin PBXGroup section */
		5F7EC3981A901A0E006CDBF2 /* LilyPond Serializer */ = {
			isa = PBXGroup;
			children = (
				5F5347031AA27CE1000CF01F /* LilyPondSerializer.swift */,
				5F5347041AA27CE1000CF01F /* LilyPondTemplate.ly */,
			);
			name = "LilyPond Serializer";
			path = ../HarmonySolver;
			sourceTree = "<group>";
		};
		5FB7C5841A99A74F003C24B3 /* Products */ = {
			isa = PBXGroup;
			children = (
				5FB7C5891A99A74F003C24B3 /* MIKMIDI.framework */,
				5FB7C58B1A99A74F003C24B3 /* MIKMIDI.framework */,
			);
			name = Products;
			sourceTree = "<group>";
		};
		5FB7C5961A9A3A63003C24B3 /* Solver */ = {
			isa = PBXGroup;
			children = (
				5F5346FC1AA27CE1000CF01F /* Chord.swift */,
				5F5346FD1AA27CE1000CF01F /* ChordEnumerator.swift */,
				5F5346FE1AA27CE1000CF01F /* ChordProgression.swift */,
				5F5346FF1AA27CE1000CF01F /* Constraints.swift */,
				5F5347001AA27CE1000CF01F /* FourPartChord.swift */,
				5F5347021AA27CE1000CF01F /* Key.swift */,
				5F5347051AA27CE1000CF01F /* Note.swift */,
				5F5347061AA27CE1000CF01F /* PermutationGenerator.swift */,
				5F5347071AA27CE1000CF01F /* PermutationSolver.swift */,
				5F5347081AA27CE1000CF01F /* RecursiveSolver.swift */,
				5F53470A1AA27CE1000CF01F /* SolverStrategy.swift */,
				5F53470B1AA27CE1000CF01F /* Util.swift */,
				5F5347091AA27CE1000CF01F /* Solver.h */,
				5F7EC3981A901A0E006CDBF2 /* LilyPond Serializer */,
				5FB7C5991A9A3A63003C24B3 /* Solver.h */,
				5FB7C5971A9A3A63003C24B3 /* Supporting Files */,
			);
			path = Solver;
			sourceTree = "<group>";
		};
		5FB7C5971A9A3A63003C24B3 /* Supporting Files */ = {
			isa = PBXGroup;
			children = (
				5F5347011AA27CE1000CF01F /* Info.plist */,
			);
			name = "Supporting Files";
			sourceTree = "<group>";
		};
		5FB7C5A51A9A3A63003C24B3 /* SolverTests */ = {
			isa = PBXGroup;
			children = (
				5FB7C5A81A9A3A63003C24B3 /* SolverTests.swift */,
				5FB7C5A61A9A3A63003C24B3 /* Supporting Files */,
			);
			path = SolverTests;
			sourceTree = "<group>";
		};
		5FB7C5A61A9A3A63003C24B3 /* Supporting Files */ = {
			isa = PBXGroup;
			children = (
				5FB7C5A71A9A3A63003C24B3 /* Info.plist */,
			);
			name = "Supporting Files";
			sourceTree = "<group>";
		};
		5FDA684A1A89BC760053891B = {
			isa = PBXGroup;
			children = (
				5FDA68551A89BC760053891B /* HarmonySolver */,
				5FDA686B1A89BC770053891B /* HarmonySolverTests */,
				5FB7C5961A9A3A63003C24B3 /* Solver */,
				5FB7C5A51A9A3A63003C24B3 /* SolverTests */,
				5FDA68541A89BC760053891B /* Products */,
				5FB7C5831A99A74F003C24B3 /* MIKMIDI.xcodeproj */,
			);
			sourceTree = "<group>";
		};
		5FDA68541A89BC760053891B /* Products */ = {
			isa = PBXGroup;
			children = (
				5FDA68531A89BC760053891B /* HarmonySolver.app */,
				5FDA68681A89BC770053891B /* HarmonySolverTests.xctest */,
				5FB7C5951A9A3A63003C24B3 /* Solver.framework */,
				5FB7C59F1A9A3A63003C24B3 /* SolverTests.xctest */,
			);
			name = Products;
			sourceTree = "<group>";
		};
		5FDA68551A89BC760053891B /* HarmonySolver */ = {
			isa = PBXGroup;
			children = (
				5FDA68581A89BC760053891B /* AppDelegate.swift */,
				5FDA685A1A89BC760053891B /* ViewController.swift */,
				5FDA685C1A89BC760053891B /* Main.storyboard */,
				5FDA685F1A89BC760053891B /* Images.xcassets */,
				5FDA68611A89BC760053891B /* LaunchScreen.xib */,
				5FDA68561A89BC760053891B /* Supporting Files */,
				5F53471D1AA28194000CF01F /* StaffView.h */,
				5F53471E1AA28194000CF01F /* StaffView.m */,
				5F53471C1AA28194000CF01F /* HarmonySolver-Bridging-Header.h */,
			);
			path = HarmonySolver;
			sourceTree = "<group>";
		};
		5FDA68561A89BC760053891B /* Supporting Files */ = {
			isa = PBXGroup;
			children = (
				5F056ED01A9A4EB50049450A /* soundfont-stripped.sf2 */,
				5FC9FE141A999766004094B0 /* test.midi */,
				5F056ED31A9D5C090049450A /* correct-four-part.mid */,
				5FDA68571A89BC760053891B /* Info.plist */,
			);
			name = "Supporting Files";
			sourceTree = "<group>";
		};
		5FDA686B1A89BC770053891B /* HarmonySolverTests */ = {
			isa = PBXGroup;
			children = (
				5FDA686E1A89BC770053891B /* HarmonySolverTests.swift */,
				5FDA686C1A89BC770053891B /* Supporting Files */,
			);
			path = HarmonySolverTests;
			sourceTree = "<group>";
		};
		5FDA686C1A89BC770053891B /* Supporting Files */ = {
			isa = PBXGroup;
			children = (
				5FDA686D1A89BC770053891B /* Info.plist */,
			);
			name = "Supporting Files";
			sourceTree = "<group>";
		};
/* End PBXGroup section */

/* Begin PBXHeadersBuildPhase section */
		5FB7C5921A9A3A63003C24B3 /* Headers */ = {
			isa = PBXHeadersBuildPhase;
			buildActionMask = 2147483647;
			files = (
				5FB7C59A1A9A3A63003C24B3 /* Solver.h in Headers */,
			);
			runOnlyForDeploymentPostprocessing = 0;
		};
/* End PBXHeadersBuildPhase section */

/* Begin PBXNativeTarget section */
		5FB7C5941A9A3A63003C24B3 /* Solver */ = {
			isa = PBXNativeTarget;
			buildConfigurationList = 5FB7C5AE1A9A3A63003C24B3 /* Build configuration list for PBXNativeTarget "Solver" */;
			buildPhases = (
				5FB7C5901A9A3A63003C24B3 /* Sources */,
				5FB7C5911A9A3A63003C24B3 /* Frameworks */,
				5FB7C5921A9A3A63003C24B3 /* Headers */,
				5FB7C5931A9A3A63003C24B3 /* Resources */,
			);
			buildRules = (
			);
			dependencies = (
			);
			name = Solver;
			productName = Solver;
			productReference = 5FB7C5951A9A3A63003C24B3 /* Solver.framework */;
			productType = "com.apple.product-type.framework";
		};
		5FB7C59E1A9A3A63003C24B3 /* SolverTests */ = {
			isa = PBXNativeTarget;
			buildConfigurationList = 5FB7C5B11A9A3A63003C24B3 /* Build configuration list for PBXNativeTarget "SolverTests" */;
			buildPhases = (
				5FB7C59B1A9A3A63003C24B3 /* Sources */,
				5FB7C59C1A9A3A63003C24B3 /* Frameworks */,
				5FB7C59D1A9A3A63003C24B3 /* Resources */,
			);
			buildRules = (
			);
			dependencies = (
				5FB7C5A21A9A3A63003C24B3 /* PBXTargetDependency */,
				5FB7C5A41A9A3A63003C24B3 /* PBXTargetDependency */,
			);
			name = SolverTests;
			productName = SolverTests;
			productReference = 5FB7C59F1A9A3A63003C24B3 /* SolverTests.xctest */;
			productType = "com.apple.product-type.bundle.unit-test";
		};
		5FDA68521A89BC760053891B /* HarmonySolver */ = {
			isa = PBXNativeTarget;
			buildConfigurationList = 5FDA68721A89BC770053891B /* Build configuration list for PBXNativeTarget "HarmonySolver" */;
			buildPhases = (
				5FDA684F1A89BC760053891B /* Sources */,
				5FDA68501A89BC760053891B /* Frameworks */,
				5FDA68511A89BC760053891B /* Resources */,
				5FB7C58E1A99A79D003C24B3 /* Copy Files (1 item) */,
			);
			buildRules = (
			);
			dependencies = (
				5FB7C58D1A99A792003C24B3 /* PBXTargetDependency */,
				5FB7C5AB1A9A3A63003C24B3 /* PBXTargetDependency */,
			);
			name = HarmonySolver;
			productName = HarmonySolver;
			productReference = 5FDA68531A89BC760053891B /* HarmonySolver.app */;
			productType = "com.apple.product-type.application";
		};
		5FDA68671A89BC770053891B /* HarmonySolverTests */ = {
			isa = PBXNativeTarget;
			buildConfigurationList = 5FDA68751A89BC770053891B /* Build configuration list for PBXNativeTarget "HarmonySolverTests" */;
			buildPhases = (
				5FDA68641A89BC770053891B /* Sources */,
				5FDA68651A89BC770053891B /* Frameworks */,
				5FDA68661A89BC770053891B /* Resources */,
			);
			buildRules = (
			);
			dependencies = (
				5FDA686A1A89BC770053891B /* PBXTargetDependency */,
			);
			name = HarmonySolverTests;
			productName = HarmonySolverTests;
			productReference = 5FDA68681A89BC770053891B /* HarmonySolverTests.xctest */;
			productType = "com.apple.product-type.bundle.unit-test";
		};
/* End PBXNativeTarget section */

/* Begin PBXProject section */
		5FDA684B1A89BC760053891B /* Project object */ = {
			isa = PBXProject;
			attributes = {
				LastUpgradeCheck = 0630;
				ORGANIZATIONNAME = "Alora Studios";
				TargetAttributes = {
					5FB7C5941A9A3A63003C24B3 = {
						CreatedOnToolsVersion = 6.3;
					};
					5FB7C59E1A9A3A63003C24B3 = {
						CreatedOnToolsVersion = 6.3;
						TestTargetID = 5FDA68521A89BC760053891B;
					};
					5FDA68521A89BC760053891B = {
						CreatedOnToolsVersion = 6.3;
					};
					5FDA68671A89BC770053891B = {
						CreatedOnToolsVersion = 6.3;
						TestTargetID = 5FDA68521A89BC760053891B;
					};
				};
			};
			buildConfigurationList = 5FDA684E1A89BC760053891B /* Build configuration list for PBXProject "HarmonySolver" */;
			compatibilityVersion = "Xcode 3.2";
			developmentRegion = English;
			hasScannedForEncodings = 0;
			knownRegions = (
				English,
				en,
				Base,
			);
			mainGroup = 5FDA684A1A89BC760053891B;
			productRefGroup = 5FDA68541A89BC760053891B /* Products */;
			projectDirPath = "";
			projectReferences = (
				{
					ProductGroup = 5FB7C5841A99A74F003C24B3 /* Products */;
					ProjectRef = 5FB7C5831A99A74F003C24B3 /* MIKMIDI.xcodeproj */;
				},
			);
			projectRoot = "";
			targets = (
				5FDA68521A89BC760053891B /* HarmonySolver */,
				5FDA68671A89BC770053891B /* HarmonySolverTests */,
				5FB7C5941A9A3A63003C24B3 /* Solver */,
				5FB7C59E1A9A3A63003C24B3 /* SolverTests */,
			);
		};
/* End PBXProject section */

/* Begin PBXReferenceProxy section */
		5FB7C5891A99A74F003C24B3 /* MIKMIDI.framework */ = {
			isa = PBXReferenceProxy;
			fileType = wrapper.framework;
			path = MIKMIDI.framework;
			remoteRef = 5FB7C5881A99A74F003C24B3 /* PBXContainerItemProxy */;
			sourceTree = BUILT_PRODUCTS_DIR;
		};
		5FB7C58B1A99A74F003C24B3 /* MIKMIDI.framework */ = {
			isa = PBXReferenceProxy;
			fileType = wrapper.framework;
			path = MIKMIDI.framework;
			remoteRef = 5FB7C58A1A99A74F003C24B3 /* PBXContainerItemProxy */;
			sourceTree = BUILT_PRODUCTS_DIR;
		};
/* End PBXReferenceProxy section */

/* Begin PBXResourcesBuildPhase section */
		5FB7C5931A9A3A63003C24B3 /* Resources */ = {
			isa = PBXResourcesBuildPhase;
			buildActionMask = 2147483647;
			files = (
				5F5347141AA27CE1000CF01F /* LilyPondTemplate.ly in Resources */,
			);
			runOnlyForDeploymentPostprocessing = 0;
		};
		5FB7C59D1A9A3A63003C24B3 /* Resources */ = {
			isa = PBXResourcesBuildPhase;
			buildActionMask = 2147483647;
			files = (
			);
			runOnlyForDeploymentPostprocessing = 0;
		};
		5FDA68511A89BC760053891B /* Resources */ = {
			isa = PBXResourcesBuildPhase;
			buildActionMask = 2147483647;
			files = (
				5F056ED11A9A4F000049450A /* soundfont-stripped.sf2 in Resources */,
				5FDA685E1A89BC760053891B /* Main.storyboard in Resources */,
				5FDA68631A89BC760053891B /* LaunchScreen.xib in Resources */,
				5FC9FE151A999766004094B0 /* test.midi in Resources */,
				5F056ED41A9D5C090049450A /* correct-four-part.mid in Resources */,
				5FDA68601A89BC760053891B /* Images.xcassets in Resources */,
			);
			runOnlyForDeploymentPostprocessing = 0;
		};
		5FDA68661A89BC770053891B /* Resources */ = {
			isa = PBXResourcesBuildPhase;
			buildActionMask = 2147483647;
			files = (
			);
			runOnlyForDeploymentPostprocessing = 0;
		};
/* End PBXResourcesBuildPhase section */

/* Begin PBXSourcesBuildPhase section */
		5FB7C5901A9A3A63003C24B3 /* Sources */ = {
			isa = PBXSourcesBuildPhase;
			buildActionMask = 2147483647;
			files = (
				5F53470F1AA27CE1000CF01F /* Constraints.swift in Sources */,
				5F53471A1AA27CE1000CF01F /* SolverStrategy.swift in Sources */,
				5F53470D1AA27CE1000CF01F /* ChordEnumerator.swift in Sources */,
				5F53470E1AA27CE1000CF01F /* ChordProgression.swift in Sources */,
				5F5347151AA27CE1000CF01F /* Note.swift in Sources */,
				5F5347131AA27CE1000CF01F /* LilyPondSerializer.swift in Sources */,
				5F5347181AA27CE1000CF01F /* RecursiveSolver.swift in Sources */,
				5F53471B1AA27CE1000CF01F /* Util.swift in Sources */,
				5F5347101AA27CE1000CF01F /* FourPartChord.swift in Sources */,
				5F53470C1AA27CE1000CF01F /* Chord.swift in Sources */,
				5F5347161AA27CE1000CF01F /* PermutationGenerator.swift in Sources */,
				5F5347121AA27CE1000CF01F /* Key.swift in Sources */,
				5F5347171AA27CE1000CF01F /* PermutationSolver.swift in Sources */,
			);
			runOnlyForDeploymentPostprocessing = 0;
		};
		5FB7C59B1A9A3A63003C24B3 /* Sources */ = {
			isa = PBXSourcesBuildPhase;
			buildActionMask = 2147483647;
			files = (
				5FB7C5A91A9A3A63003C24B3 /* SolverTests.swift in Sources */,
			);
			runOnlyForDeploymentPostprocessing = 0;
		};
		5FDA684F1A89BC760053891B /* Sources */ = {
			isa = PBXSourcesBuildPhase;
			buildActionMask = 2147483647;
			files = (
				5F53471F1AA28194000CF01F /* StaffView.m in Sources */,
				5FDA685B1A89BC760053891B /* ViewController.swift in Sources */,
				5FDA68591A89BC760053891B /* AppDelegate.swift in Sources */,
			);
			runOnlyForDeploymentPostprocessing = 0;
		};
		5FDA68641A89BC770053891B /* Sources */ = {
			isa = PBXSourcesBuildPhase;
			buildActionMask = 2147483647;
			files = (
				5FDA686F1A89BC770053891B /* HarmonySolverTests.swift in Sources */,
			);
			runOnlyForDeploymentPostprocessing = 0;
		};
/* End PBXSourcesBuildPhase section */

/* Begin PBXTargetDependency section */
		5FB7C58D1A99A792003C24B3 /* PBXTargetDependency */ = {
			isa = PBXTargetDependency;
			name = "MIKMIDI-iOS";
			targetProxy = 5FB7C58C1A99A792003C24B3 /* PBXContainerItemProxy */;
		};
		5FB7C5A21A9A3A63003C24B3 /* PBXTargetDependency */ = {
			isa = PBXTargetDependency;
			target = 5FB7C5941A9A3A63003C24B3 /* Solver */;
			targetProxy = 5FB7C5A11A9A3A63003C24B3 /* PBXContainerItemProxy */;
		};
		5FB7C5A41A9A3A63003C24B3 /* PBXTargetDependency */ = {
			isa = PBXTargetDependency;
			target = 5FDA68521A89BC760053891B /* HarmonySolver */;
			targetProxy = 5FB7C5A31A9A3A63003C24B3 /* PBXContainerItemProxy */;
		};
		5FB7C5AB1A9A3A63003C24B3 /* PBXTargetDependency */ = {
			isa = PBXTargetDependency;
			target = 5FB7C5941A9A3A63003C24B3 /* Solver */;
			targetProxy = 5FB7C5AA1A9A3A63003C24B3 /* PBXContainerItemProxy */;
		};
		5FDA686A1A89BC770053891B /* PBXTargetDependency */ = {
			isa = PBXTargetDependency;
			target = 5FDA68521A89BC760053891B /* HarmonySolver */;
			targetProxy = 5FDA68691A89BC770053891B /* PBXContainerItemProxy */;
		};
/* End PBXTargetDependency section */

/* Begin PBXVariantGroup section */
		5FDA685C1A89BC760053891B /* Main.storyboard */ = {
			isa = PBXVariantGroup;
			children = (
				5FDA685D1A89BC760053891B /* Base */,
			);
			name = Main.storyboard;
			sourceTree = "<group>";
		};
		5FDA68611A89BC760053891B /* LaunchScreen.xib */ = {
			isa = PBXVariantGroup;
			children = (
				5FDA68621A89BC760053891B /* Base */,
			);
			name = LaunchScreen.xib;
			sourceTree = "<group>";
		};
/* End PBXVariantGroup section */

/* Begin XCBuildConfiguration section */
		5FB7C5AF1A9A3A63003C24B3 /* Debug */ = {
			isa = XCBuildConfiguration;
			buildSettings = {
				CLANG_ENABLE_MODULES = YES;
				CURRENT_PROJECT_VERSION = 1;
				DEFINES_MODULE = YES;
				DYLIB_COMPATIBILITY_VERSION = 1;
				DYLIB_CURRENT_VERSION = 1;
				DYLIB_INSTALL_NAME_BASE = "@rpath";
				GCC_PREPROCESSOR_DEFINITIONS = (
					"DEBUG=1",
					"$(inherited)",
				);
				INFOPLIST_FILE = Solver/Info.plist;
				INSTALL_PATH = "$(LOCAL_LIBRARY_DIR)/Frameworks";
				IPHONEOS_DEPLOYMENT_TARGET = 8.0;
				LD_RUNPATH_SEARCH_PATHS = "$(inherited) @executable_path/Frameworks @loader_path/Frameworks";
				PRODUCT_BUNDLE_IDENTIFIER = alorastudios.Solver;
				PRODUCT_NAME = "$(TARGET_NAME)";
				SKIP_INSTALL = YES;
				SWIFT_OPTIMIZATION_LEVEL = "-Onone";
				SWIFT_VERSION = 5.0;
				VERSIONING_SYSTEM = "apple-generic";
				VERSION_INFO_PREFIX = "";
			};
			name = Debug;
		};
		5FB7C5B01A9A3A63003C24B3 /* Release */ = {
			isa = XCBuildConfiguration;
			buildSettings = {
				CLANG_ENABLE_MODULES = YES;
				CURRENT_PROJECT_VERSION = 1;
				DEFINES_MODULE = YES;
				DYLIB_COMPATIBILITY_VERSION = 1;
				DYLIB_CURRENT_VERSION = 1;
				DYLIB_INSTALL_NAME_BASE = "@rpath";
				INFOPLIST_FILE = Solver/Info.plist;
				INSTALL_PATH = "$(LOCAL_LIBRARY_DIR)/Frameworks";
				IPHONEOS_DEPLOYMENT_TARGET = 8.0;
				LD_RUNPATH_SEARCH_PATHS = "$(inherited) @executable_path/Frameworks @loader_path/Frameworks";
				PRODUCT_BUNDLE_IDENTIFIER = alorastudios.Solver;
				PRODUCT_NAME = "$(TARGET_NAME)";
				SKIP_INSTALL = YES;
				SWIFT_VERSION = 5.0;
				VERSIONING_SYSTEM = "apple-generic";
				VERSION_INFO_PREFIX = "";
			};
			name = Release;
		};
		5FB7C5B21A9A3A63003C24B3 /* Debug */ = {
			isa = XCBuildConfiguration;
			buildSettings = {
				FRAMEWORK_SEARCH_PATHS = (
					"$(SDKROOT)/Developer/Library/Frameworks",
					"$(inherited)",
				);
				GCC_PREPROCESSOR_DEFINITIONS = (
					"DEBUG=1",
					"$(inherited)",
				);
				INFOPLIST_FILE = SolverTests/Info.plist;
				IPHONEOS_DEPLOYMENT_TARGET = 8.3;
				LD_RUNPATH_SEARCH_PATHS = "$(inherited) @executable_path/Frameworks @loader_path/Frameworks";
				PRODUCT_NAME = "$(TARGET_NAME)";
				TEST_HOST = "$(BUILT_PRODUCTS_DIR)/HarmonySolver.app/HarmonySolver";
			};
			name = Debug;
		};
		5FB7C5B31A9A3A63003C24B3 /* Release */ = {
			isa = XCBuildConfiguration;
			buildSettings = {
				FRAMEWORK_SEARCH_PATHS = (
					"$(SDKROOT)/Developer/Library/Frameworks",
					"$(inherited)",
				);
				INFOPLIST_FILE = SolverTests/Info.plist;
				IPHONEOS_DEPLOYMENT_TARGET = 8.3;
				LD_RUNPATH_SEARCH_PATHS = "$(inherited) @executable_path/Frameworks @loader_path/Frameworks";
				PRODUCT_NAME = "$(TARGET_NAME)";
				TEST_HOST = "$(BUILT_PRODUCTS_DIR)/HarmonySolver.app/HarmonySolver";
			};
			name = Release;
		};
		5FDA68701A89BC770053891B /* Debug */ = {
			isa = XCBuildConfiguration;
			buildSettings = {
				ALWAYS_SEARCH_USER_PATHS = NO;
				CLANG_CXX_LANGUAGE_STANDARD = "gnu++0x";
				CLANG_CXX_LIBRARY = "libc++";
				CLANG_ENABLE_MODULES = YES;
				CLANG_ENABLE_OBJC_ARC = YES;
				CLANG_WARN_BOOL_CONVERSION = YES;
				CLANG_WARN_CONSTANT_CONVERSION = YES;
				CLANG_WARN_DIRECT_OBJC_ISA_USAGE = YES_ERROR;
				CLANG_WARN_EMPTY_BODY = YES;
				CLANG_WARN_ENUM_CONVERSION = YES;
				CLANG_WARN_INT_CONVERSION = YES;
				CLANG_WARN_OBJC_ROOT_CLASS = YES_ERROR;
				CLANG_WARN_UNREACHABLE_CODE = YES;
				CLANG_WARN__DUPLICATE_METHOD_MATCH = YES;
				"CODE_SIGN_IDENTITY[sdk=iphoneos*]" = "iPhone Developer";
				COPY_PHASE_STRIP = NO;
				DEBUG_INFORMATION_FORMAT = dwarf;
				ENABLE_STRICT_OBJC_MSGSEND = YES;
				GCC_C_LANGUAGE_STANDARD = gnu99;
				GCC_DYNAMIC_NO_PIC = NO;
				GCC_OPTIMIZATION_LEVEL = 0;
				GCC_PREPROCESSOR_DEFINITIONS = (
					"DEBUG=1",
					"$(inherited)",
				);
				GCC_SYMBOLS_PRIVATE_EXTERN = NO;
				GCC_WARN_64_TO_32_BIT_CONVERSION = YES;
				GCC_WARN_ABOUT_RETURN_TYPE = YES_ERROR;
				GCC_WARN_UNDECLARED_SELECTOR = YES;
				GCC_WARN_UNINITIALIZED_AUTOS = YES_AGGRESSIVE;
				GCC_WARN_UNUSED_FUNCTION = YES;
				GCC_WARN_UNUSED_VARIABLE = YES;
				IPHONEOS_DEPLOYMENT_TARGET = 8.0;
				MTL_ENABLE_DEBUG_INFO = YES;
				ONLY_ACTIVE_ARCH = YES;
				SDKROOT = iphoneos;
				SWIFT_OPTIMIZATION_LEVEL = "-Onone";
				TARGETED_DEVICE_FAMILY = "1,2";
			};
			name = Debug;
		};
		5FDA68711A89BC770053891B /* Release */ = {
			isa = XCBuildConfiguration;
			buildSettings = {
				ALWAYS_SEARCH_USER_PATHS = NO;
				CLANG_CXX_LANGUAGE_STANDARD = "gnu++0x";
				CLANG_CXX_LIBRARY = "libc++";
				CLANG_ENABLE_MODULES = YES;
				CLANG_ENABLE_OBJC_ARC = YES;
				CLANG_WARN_BOOL_CONVERSION = YES;
				CLANG_WARN_CONSTANT_CONVERSION = YES;
				CLANG_WARN_DIRECT_OBJC_ISA_USAGE = YES_ERROR;
				CLANG_WARN_EMPTY_BODY = YES;
				CLANG_WARN_ENUM_CONVERSION = YES;
				CLANG_WARN_INT_CONVERSION = YES;
				CLANG_WARN_OBJC_ROOT_CLASS = YES_ERROR;
				CLANG_WARN_UNREACHABLE_CODE = YES;
				CLANG_WARN__DUPLICATE_METHOD_MATCH = YES;
				"CODE_SIGN_IDENTITY[sdk=iphoneos*]" = "iPhone Developer";
				COPY_PHASE_STRIP = NO;
				DEBUG_INFORMATION_FORMAT = "dwarf-with-dsym";
				ENABLE_NS_ASSERTIONS = NO;
				ENABLE_STRICT_OBJC_MSGSEND = YES;
				GCC_C_LANGUAGE_STANDARD = gnu99;
				GCC_WARN_64_TO_32_BIT_CONVERSION = YES;
				GCC_WARN_ABOUT_RETURN_TYPE = YES_ERROR;
				GCC_WARN_UNDECLARED_SELECTOR = YES;
				GCC_WARN_UNINITIALIZED_AUTOS = YES_AGGRESSIVE;
				GCC_WARN_UNUSED_FUNCTION = YES;
				GCC_WARN_UNUSED_VARIABLE = YES;
				IPHONEOS_DEPLOYMENT_TARGET = 8.0;
				MTL_ENABLE_DEBUG_INFO = NO;
				SDKROOT = iphoneos;
				TARGETED_DEVICE_FAMILY = "1,2";
				VALIDATE_PRODUCT = YES;
			};
			name = Release;
		};
		5FDA68731A89BC770053891B /* Debug */ = {
			isa = XCBuildConfiguration;
			buildSettings = {
				ASSETCATALOG_COMPILER_APPICON_NAME = AppIcon;
				CLANG_ENABLE_MODULES = YES;
				FRAMEWORK_SEARCH_PATHS = (
					"$(inherited)",
					"$(PROJECT_DIR)/MIKMIDI/Framework/build/Debug-iphoneos",
					"$(PROJECT_DIR)/MIKMIDI/Framework/build/Debug",
				);
				INFOPLIST_FILE = HarmonySolver/Info.plist;
				IPHONEOS_DEPLOYMENT_TARGET = 8.0;
				LD_RUNPATH_SEARCH_PATHS = "$(inherited) @executable_path/Frameworks";
				PRODUCT_NAME = "$(TARGET_NAME)";
				SWIFT_OBJC_BRIDGING_HEADER = "HarmonySolver/HarmonySolver-Bridging-Header.h";
				SWIFT_OPTIMIZATION_LEVEL = "-Onone";
				SWIFT_VERSION = 5.0;
			};
			name = Debug;
		};
		5FDA68741A89BC770053891B /* Release */ = {
			isa = XCBuildConfiguration;
			buildSettings = {
				ASSETCATALOG_COMPILER_APPICON_NAME = AppIcon;
				CLANG_ENABLE_MODULES = YES;
				FRAMEWORK_SEARCH_PATHS = (
					"$(inherited)",
					"$(PROJECT_DIR)/MIKMIDI/Framework/build/Debug-iphoneos",
					"$(PROJECT_DIR)/MIKMIDI/Framework/build/Debug",
				);
				INFOPLIST_FILE = HarmonySolver/Info.plist;
				IPHONEOS_DEPLOYMENT_TARGET = 8.0;
				LD_RUNPATH_SEARCH_PATHS = "$(inherited) @executable_path/Frameworks";
				PRODUCT_NAME = "$(TARGET_NAME)";
				SWIFT_OBJC_BRIDGING_HEADER = "HarmonySolver/HarmonySolver-Bridging-Header.h";
				SWIFT_VERSION = 5.0;
			};
			name = Release;
		};
		5FDA68761A89BC770053891B /* Debug */ = {
			isa = XCBuildConfiguration;
			buildSettings = {
				BUNDLE_LOADER = "$(TEST_HOST)";
				FRAMEWORK_SEARCH_PATHS = (
					"$(SDKROOT)/Developer/Library/Frameworks",
					"$(inherited)",
				);
				GCC_PREPROCESSOR_DEFINITIONS = (
					"DEBUG=1",
					"$(inherited)",
				);
				INFOPLIST_FILE = HarmonySolverTests/Info.plist;
				LD_RUNPATH_SEARCH_PATHS = "$(inherited) @executable_path/Frameworks @loader_path/Frameworks";
				PRODUCT_NAME = "$(TARGET_NAME)";
				TEST_HOST = "$(BUILT_PRODUCTS_DIR)/HarmonySolver.app/HarmonySolver";
			};
			name = Debug;
		};
		5FDA68771A89BC770053891B /* Release */ = {
			isa = XCBuildConfiguration;
			buildSettings = {
				BUNDLE_LOADER = "$(TEST_HOST)";
				FRAMEWORK_SEARCH_PATHS = (
					"$(SDKROOT)/Developer/Library/Frameworks",
					"$(inherited)",
				);
				INFOPLIST_FILE = HarmonySolverTests/Info.plist;
				LD_RUNPATH_SEARCH_PATHS = "$(inherited) @executable_path/Frameworks @loader_path/Frameworks";
				PRODUCT_NAME = "$(TARGET_NAME)";
				TEST_HOST = "$(BUILT_PRODUCTS_DIR)/HarmonySolver.app/HarmonySolver";
			};
			name = Release;
		};
/* End XCBuildConfiguration section */

/* Begin XCConfigurationList section */
		5FB7C5AE1A9A3A63003C24B3 /* Build configuration list for PBXNativeTarget "Solver" */ = {
			isa = XCConfigurationList;
			buildConfigurations = (
				5FB7C5AF1A9A3A63003C24B3 /* Debug */,
				5FB7C5B01A9A3A63003C24B3 /* Release */,
			);
			defaultConfigurationIsVisible = 0;
			defaultConfigurationName = Release;
		};
		5FB7C5B11A9A3A63003C24B3 /* Build configuration list for PBXNativeTarget "SolverTests" */ = {
			isa = XCConfigurationList;
			buildConfigurations = (
				5FB7C5B21A9A3A63003C24B3 /* Debug */,
				5FB7C5B31A9A3A63003C24B3 /* Release */,
			);
			defaultConfigurationIsVisible = 0;
			defaultConfigurationName = Release;
		};
		5FDA684E1A89BC760053891B /* Build configuration list for PBXProject "HarmonySolver" */ = {
			isa = XCConfigurationList;
			buildConfigurations = (
				5FDA68701A89BC770053891B /* Debug */,
				5FDA68711A89BC770053891B /* Release */,
			);
			defaultConfigurationIsVisible = 0;
			defaultConfigurationName = Release;
		};
		5FDA68721A89BC770053891B /* Build configuration list for PBXNativeTarget "HarmonySolver" */ = {
			isa = XCConfigurationList;
			buildConfigurations = (
				5FDA68731A89BC770053891B /* Debug */,
				5FDA68741A89BC770053891B /* Release */,
			);
			defaultConfigurationIsVisible = 0;
			defaultConfigurationName = Release;
		};
		5FDA68751A89BC770053891B /* Build configuration list for PBXNativeTarget "HarmonySolverTests" */ = {
			isa = XCConfigurationList;
			buildConfigurations = (
				5FDA68761A89BC770053891B /* Debug */,
				5FDA68771A89BC770053891B /* Release */,
			);
			defaultConfigurationIsVisible = 0;
			defaultConfigurationName = Release;
		};
/* End XCConfigurationList section */
	};
	rootObject = 5FDA684B1A89BC760053891B /* Project object */;
}
